
Microsoft Visual Studio Solution File, Format Version 12.00
# Visual Studio Version 17
VisualStudioVersion = 17.14.36414.22 d17.14
MinimumVisualStudioVersion = 10.0.40219.1
Project("{FAE04EC0-301F-11D3-BF4B-00C04F79EFBC}") = "HackMenu", "HackMenu\HackMenu.csproj", "{ABB89CB6-1E3A-4D38-AEE3-5C36DF20ED67}"
EndProject
Global
	GlobalSection(SolutionConfigurationPlatforms) = preSolution
		Debug|Any CPU = Debug|Any CPU
		Release|Any CPU = Release|Any CPU
	EndGlobalSection
	GlobalSection(ProjectConfigurationPlatforms) = postSolution
		{ABB89CB6-1E3A-4D38-AEE3-5C36DF20ED67}.Debug|Any CPU.ActiveCfg = Debug|Any CPU
		{ABB89CB6-1E3A-4D38-AEE3-5C36DF20ED67}.Debug|Any CPU.Build.0 = Debug|Any CPU
		{ABB89CB6-1E3A-4D38-AEE3-5C36DF20ED67}.Release|Any CPU.ActiveCfg = Release|Any CPU
		{ABB89CB6-1E3A-4D38-AEE3-5C36DF20ED67}.Release|Any CPU.Build.0 = Release|Any CPU
	EndGlobalSection
	GlobalSection(SolutionProperties) = preSolution
		HideSolutionNode = FALSE
	EndGlobalSection
	GlobalSection(ExtensibilityGlobals) = postSolution
		SolutionGuid = {4C00C930-DFD1-4D3E-975E-5C711B533A30}
	EndGlobalSection
EndGlobal
